
Microsoft Visual Studio Solution File, Format Version 12.00
# Visual Studio 15
VisualStudioVersion = 15.0.28010.2048
MinimumVisualStudioVersion = 10.0.40219.1
Project("{FAE04EC0-301F-11D3-BF4B-00C04F79EFBC}") = "ListTest", "ListTest\ListTest.csproj", "{18CC87AB-28FA-49ED-962C-DCC57428509A}"
EndProject
Project("{FAE04EC0-301F-11D3-BF4B-00C04F79EFBC}") = "Shareable", "..\..\Shareable\Shareable\Shareable.csproj", "{EF9C322B-5745-4B78-BA6A-FFB35F1B4F1F}"
EndProject
Global
	GlobalSection(SolutionConfigurationPlatforms) = preSolution
		Debug|Any CPU = Debug|Any CPU
		Release|Any CPU = Release|Any CPU
	EndGlobalSection
	GlobalSection(ProjectConfigurationPlatforms) = postSolution
		{18CC87AB-28FA-49ED-962C-DCC57428509A}.Debug|Any CPU.ActiveCfg = Debug|Any CPU
		{18CC87AB-28FA-49ED-962C-DCC57428509A}.Debug|Any CPU.Build.0 = Debug|Any CPU
		{18CC87AB-28FA-49ED-962C-DCC57428509A}.Release|Any CPU.ActiveCfg = Release|Any CPU
		{18CC87AB-28FA-49ED-962C-DCC57428509A}.Release|Any CPU.Build.0 = Release|Any CPU
		{EF9C322B-5745-4B78-BA6A-FFB35F1B4F1F}.Debug|Any CPU.ActiveCfg = Debug|Any CPU
		{EF9C322B-5745-4B78-BA6A-FFB35F1B4F1F}.Debug|Any CPU.Build.0 = Debug|Any CPU
		{EF9C322B-5745-4B78-BA6A-FFB35F1B4F1F}.Release|Any CPU.ActiveCfg = Release|Any CPU
		{EF9C322B-5745-4B78-BA6A-FFB35F1B4F1F}.Release|Any CPU.Build.0 = Release|Any CPU
	EndGlobalSection
	GlobalSection(SolutionProperties) = preSolution
		HideSolutionNode = FALSE
	EndGlobalSection
	GlobalSection(ExtensibilityGlobals) = postSolution
		SolutionGuid = {5CE14413-3ADF-4149-9203-91DC2C6C4FA6}
	EndGlobalSection
EndGlobal
