
Microsoft Visual Studio Solution File, Format Version 12.00
# Visual Studio 15
VisualStudioVersion = 15.0.27130.2027
MinimumVisualStudioVersion = 10.0.40219.1
Project("{FAE04EC0-301F-11D3-BF4B-00C04F79EFBC}") = "PyrrhoLink", "PyrrhoLink.csproj", "{893E315D-E6CA-4DB3-AE08-2D28788D3693}"
EndProject
Global
	GlobalSection(SolutionConfigurationPlatforms) = preSolution
		Debug|Any CPU = Debug|Any CPU
		Release|Any CPU = Release|Any CPU
	EndGlobalSection
	GlobalSection(ProjectConfigurationPlatforms) = postSolution
		{893E315D-E6CA-4DB3-AE08-2D28788D3693}.Debug|Any CPU.ActiveCfg = Debug|Any CPU
		{893E315D-E6CA-4DB3-AE08-2D28788D3693}.Debug|Any CPU.Build.0 = Debug|Any CPU
		{893E315D-E6CA-4DB3-AE08-2D28788D3693}.Release|Any CPU.ActiveCfg = Release|Any CPU
		{893E315D-E6CA-4DB3-AE08-2D28788D3693}.Release|Any CPU.Build.0 = Release|Any CPU
		{0AAAEEDC-4D5F-4711-ABAE-B5506BED0925}.Debug|Any CPU.ActiveCfg = Debug|Any CPU
		{0AAAEEDC-4D5F-4711-ABAE-B5506BED0925}.Debug|Any CPU.Build.0 = Debug|Any CPU
		{0AAAEEDC-4D5F-4711-ABAE-B5506BED0925}.Release|Any CPU.ActiveCfg = Release|Any CPU
		{0AAAEEDC-4D5F-4711-ABAE-B5506BED0925}.Release|Any CPU.Build.0 = Release|Any CPU
		{20FB6AF3-31B6-4596-A70B-F1B6E8CD82A3}.Debug|Any CPU.ActiveCfg = Debug|Any CPU
		{20FB6AF3-31B6-4596-A70B-F1B6E8CD82A3}.Debug|Any CPU.Build.0 = Debug|Any CPU
		{20FB6AF3-31B6-4596-A70B-F1B6E8CD82A3}.Release|Any CPU.ActiveCfg = Release|Any CPU
		{20FB6AF3-31B6-4596-A70B-F1B6E8CD82A3}.Release|Any CPU.Build.0 = Release|Any CPU
	EndGlobalSection
	GlobalSection(SolutionProperties) = preSolution
		HideSolutionNode = FALSE
	EndGlobalSection
	GlobalSection(ExtensibilityGlobals) = postSolution
		SolutionGuid = {CA21CBAE-566B-43A0-AE73-91CBC2E5B9F0}
	EndGlobalSection
EndGlobal
