
Microsoft Visual Studio Solution File, Format Version 12.00
# Visual Studio Version 16
VisualStudioVersion = 16.0.28803.352
MinimumVisualStudioVersion = 10.0.40219.1
Project("{FAE04EC0-301F-11D3-BF4B-00C04F79EFBC}") = "DictDemo", "DictDemo.csproj", "{DA4C6F61-27BB-4DD4-B9EE-FDF76BC51498}"
EndProject
Global
	GlobalSection(SolutionConfigurationPlatforms) = preSolution
		Debug|Any CPU = Debug|Any CPU
		Release|Any CPU = Release|Any CPU
	EndGlobalSection
	GlobalSection(ProjectConfigurationPlatforms) = postSolution
		{DA4C6F61-27BB-4DD4-B9EE-FDF76BC51498}.Debug|Any CPU.ActiveCfg = Debug|Any CPU
		{DA4C6F61-27BB-4DD4-B9EE-FDF76BC51498}.Debug|Any CPU.Build.0 = Debug|Any CPU
		{DA4C6F61-27BB-4DD4-B9EE-FDF76BC51498}.Release|Any CPU.ActiveCfg = Release|Any CPU
		{DA4C6F61-27BB-4DD4-B9EE-FDF76BC51498}.Release|Any CPU.Build.0 = Release|Any CPU
	EndGlobalSection
	GlobalSection(SolutionProperties) = preSolution
		HideSolutionNode = FALSE
	EndGlobalSection
	GlobalSection(ExtensibilityGlobals) = postSolution
		SolutionGuid = {29CB8A8F-857D-4094-A5A0-D54029287008}
	EndGlobalSection
EndGlobal
