
Microsoft Visual Studio Solution File, Format Version 12.00
# Visual Studio Version 16
VisualStudioVersion = 16.0.29215.179
MinimumVisualStudioVersion = 10.0.40219.1
Project("{2150E333-8FDC-42A3-9474-1A3956D46DE8}") = ".nuget", ".nuget", "{204A633C-02E8-483E-BB54-EBD36A15325E}"
	ProjectSection(SolutionItems) = preProject
		.nuget\packages.config = .nuget\packages.config
	EndProjectSection
EndProject
Project("{FAE04EC0-301F-11D3-BF4B-00C04F79EFBC}") = "PyrrhoCmd ", "PyrrhoCmd .csproj", "{3C6F7BFF-B330-46A8-BDB1-69C3C0F5DD60}"
EndProject
Project("{FAE04EC0-301F-11D3-BF4B-00C04F79EFBC}") = "PyrrhoLink", "..\Shared\PyrrhoLink.csproj", "{893E315D-E6CA-4DB3-AE08-2D28788D3693}"
EndProject
Global
	GlobalSection(SolutionConfigurationPlatforms) = preSolution
		Debug|Any CPU = Debug|Any CPU
		Release|Any CPU = Release|Any CPU
	EndGlobalSection
	GlobalSection(ProjectConfigurationPlatforms) = postSolution
		{3C6F7BFF-B330-46A8-BDB1-69C3C0F5DD60}.Debug|Any CPU.ActiveCfg = Debug|Any CPU
		{3C6F7BFF-B330-46A8-BDB1-69C3C0F5DD60}.Debug|Any CPU.Build.0 = Debug|Any CPU
		{3C6F7BFF-B330-46A8-BDB1-69C3C0F5DD60}.Release|Any CPU.ActiveCfg = Release|Any CPU
		{3C6F7BFF-B330-46A8-BDB1-69C3C0F5DD60}.Release|Any CPU.Build.0 = Release|Any CPU
		{893E315D-E6CA-4DB3-AE08-2D28788D3693}.Debug|Any CPU.ActiveCfg = Debug|Any CPU
		{893E315D-E6CA-4DB3-AE08-2D28788D3693}.Debug|Any CPU.Build.0 = Debug|Any CPU
		{893E315D-E6CA-4DB3-AE08-2D28788D3693}.Release|Any CPU.ActiveCfg = Release|Any CPU
		{893E315D-E6CA-4DB3-AE08-2D28788D3693}.Release|Any CPU.Build.0 = Release|Any CPU
	EndGlobalSection
	GlobalSection(SolutionProperties) = preSolution
		HideSolutionNode = FALSE
	EndGlobalSection
	GlobalSection(ExtensibilityGlobals) = postSolution
		SolutionGuid = {A2A44549-B42C-4A83-BEAC-709318BACAD4}
	EndGlobalSection
EndGlobal
