
Microsoft Visual Studio Solution File, Format Version 12.00
# Visual Studio 15
VisualStudioVersion = 15.0.28307.645
MinimumVisualStudioVersion = 10.0.40219.1
Project("{FAE04EC0-301F-11D3-BF4B-00C04F79EFBC}") = "TpccOracle", "TpccOracle.csproj", "{3A2277E8-5108-42C7-9C7C-9AE22ADAF34C}"
EndProject
Global
	GlobalSection(SolutionConfigurationPlatforms) = preSolution
		Debug|Any CPU = Debug|Any CPU
		Debug|x86 = Debug|x86
		Release|Any CPU = Release|Any CPU
		Release|x86 = Release|x86
	EndGlobalSection
	GlobalSection(ProjectConfigurationPlatforms) = postSolution
		{3A2277E8-5108-42C7-9C7C-9AE22ADAF34C}.Debug|Any CPU.ActiveCfg = Debug|x86
		{3A2277E8-5108-42C7-9C7C-9AE22ADAF34C}.Debug|x86.ActiveCfg = Debug|x86
		{3A2277E8-5108-42C7-9C7C-9AE22ADAF34C}.Debug|x86.Build.0 = Debug|x86
		{3A2277E8-5108-42C7-9C7C-9AE22ADAF34C}.Release|Any CPU.ActiveCfg = Release|x86
		{3A2277E8-5108-42C7-9C7C-9AE22ADAF34C}.Release|x86.ActiveCfg = Release|x86
		{3A2277E8-5108-42C7-9C7C-9AE22ADAF34C}.Release|x86.Build.0 = Release|x86
	EndGlobalSection
	GlobalSection(SolutionProperties) = preSolution
		HideSolutionNode = FALSE
	EndGlobalSection
	GlobalSection(ExtensibilityGlobals) = postSolution
		SolutionGuid = {C157C7D5-1F60-4A35-9EEA-27C388A5E268}
	EndGlobalSection
EndGlobal
