
Microsoft Visual Studio Solution File, Format Version 12.00
# Visual Studio Version 17
VisualStudioVersion = 17.4.33213.308
MinimumVisualStudioVersion = 10.0.40219.1
Project("{9A19103F-16F7-4668-BE54-9A1E7A4F7556}") = "PyrrhoCmd", "PyrrhoCmd.csproj", "{77E42C3B-B7EA-437D-A2E5-17BFCB515FF0}"
EndProject
Project("{9A19103F-16F7-4668-BE54-9A1E7A4F7556}") = "PyrrhoLink", "..\..\PyrrhoLink\PyrrhoLink.csproj", "{58378A6C-611F-43DA-B3FE-AF253577F2E0}"
EndProject
Global
	GlobalSection(SolutionConfigurationPlatforms) = preSolution
		Debug|Any CPU = Debug|Any CPU
		Release|Any CPU = Release|Any CPU
	EndGlobalSection
	GlobalSection(ProjectConfigurationPlatforms) = postSolution
		{77E42C3B-B7EA-437D-A2E5-17BFCB515FF0}.Debug|Any CPU.ActiveCfg = Debug|Any CPU
		{77E42C3B-B7EA-437D-A2E5-17BFCB515FF0}.Debug|Any CPU.Build.0 = Debug|Any CPU
		{77E42C3B-B7EA-437D-A2E5-17BFCB515FF0}.Release|Any CPU.ActiveCfg = Release|Any CPU
		{77E42C3B-B7EA-437D-A2E5-17BFCB515FF0}.Release|Any CPU.Build.0 = Release|Any CPU
		{58378A6C-611F-43DA-B3FE-AF253577F2E0}.Debug|Any CPU.ActiveCfg = Debug|Any CPU
		{58378A6C-611F-43DA-B3FE-AF253577F2E0}.Debug|Any CPU.Build.0 = Debug|Any CPU
		{58378A6C-611F-43DA-B3FE-AF253577F2E0}.Release|Any CPU.ActiveCfg = Release|Any CPU
		{58378A6C-611F-43DA-B3FE-AF253577F2E0}.Release|Any CPU.Build.0 = Release|Any CPU
	EndGlobalSection
	GlobalSection(SolutionProperties) = preSolution
		HideSolutionNode = FALSE
	EndGlobalSection
	GlobalSection(ExtensibilityGlobals) = postSolution
		SolutionGuid = {8335BA45-DC4A-4265-806C-66B187FAE407}
	EndGlobalSection
EndGlobal
