
Microsoft Visual Studio Solution File, Format Version 12.00
# Visual Studio 15
VisualStudioVersion = 15.0.28010.2048
MinimumVisualStudioVersion = 10.0.40219.1
Project("{FAE04EC0-301F-11D3-BF4B-00C04F79EFBC}") = "StrongLink", "StrongLink\StrongLink.csproj", "{988F076B-544E-4705-86A4-EE6CCCD00D0A}"
EndProject
Project("{FAE04EC0-301F-11D3-BF4B-00C04F79EFBC}") = "Shareable", "..\Shareable\Shareable\Shareable.csproj", "{EF9C322B-5745-4B78-BA6A-FFB35F1B4F1F}"
EndProject
Project("{FAE04EC0-301F-11D3-BF4B-00C04F79EFBC}") = "Test", "Test\Test.csproj", "{FC39EEB5-45D3-4D00-AB7F-F2AC981F931D}"
EndProject
Global
	GlobalSection(SolutionConfigurationPlatforms) = preSolution
		Debug|Any CPU = Debug|Any CPU
		Release|Any CPU = Release|Any CPU
	EndGlobalSection
	GlobalSection(ProjectConfigurationPlatforms) = postSolution
		{988F076B-544E-4705-86A4-EE6CCCD00D0A}.Debug|Any CPU.ActiveCfg = Debug|Any CPU
		{988F076B-544E-4705-86A4-EE6CCCD00D0A}.Debug|Any CPU.Build.0 = Debug|Any CPU
		{988F076B-544E-4705-86A4-EE6CCCD00D0A}.Release|Any CPU.ActiveCfg = Release|Any CPU
		{988F076B-544E-4705-86A4-EE6CCCD00D0A}.Release|Any CPU.Build.0 = Release|Any CPU
		{EF9C322B-5745-4B78-BA6A-FFB35F1B4F1F}.Debug|Any CPU.ActiveCfg = Debug|Any CPU
		{EF9C322B-5745-4B78-BA6A-FFB35F1B4F1F}.Debug|Any CPU.Build.0 = Debug|Any CPU
		{EF9C322B-5745-4B78-BA6A-FFB35F1B4F1F}.Release|Any CPU.ActiveCfg = Release|Any CPU
		{EF9C322B-5745-4B78-BA6A-FFB35F1B4F1F}.Release|Any CPU.Build.0 = Release|Any CPU
		{FC39EEB5-45D3-4D00-AB7F-F2AC981F931D}.Debug|Any CPU.ActiveCfg = Debug|Any CPU
		{FC39EEB5-45D3-4D00-AB7F-F2AC981F931D}.Debug|Any CPU.Build.0 = Debug|Any CPU
		{FC39EEB5-45D3-4D00-AB7F-F2AC981F931D}.Release|Any CPU.ActiveCfg = Release|Any CPU
		{FC39EEB5-45D3-4D00-AB7F-F2AC981F931D}.Release|Any CPU.Build.0 = Release|Any CPU
	EndGlobalSection
	GlobalSection(SolutionProperties) = preSolution
		HideSolutionNode = FALSE
	EndGlobalSection
	GlobalSection(ExtensibilityGlobals) = postSolution
		SolutionGuid = {C5FAF6E4-4FD6-4A41-8098-3EE4982C93FD}
	EndGlobalSection
EndGlobal
